// !$*UTF8*$!
{
	archiveVersion = 1;
	classes = {
	};
	objectVersion = 46;
	objects = {

/* Begin PBXBuildFile section */
		B2C06B0E1B0454B600526753 /* main.m in Sources */ = {isa = PBXBuildFile; fileRef = B2C06B0D1B0454B600526753 /* main.m */; };
		B2C06B111B0454B600526753 /* AppDelegate.m in Sources */ = {isa = PBXBuildFile; fileRef = B2C06B101B0454B600526753 /* AppDelegate.m */; };
		B2C06B141B0454B600526753 /* ViewController.m in Sources */ = {isa = PBXBuildFile; fileRef = B2C06B131B0454B600526753 /* ViewController.m */; };
		B2C06B171B0454B600526753 /* Main.storyboard in Resources */ = {isa = PBXBuildFile; fileRef = B2C06B151B0454B600526753 /* Main.storyboard */; };
		B2C06B191B0454B600526753 /* Images.xcassets in Resources */ = {isa = PBXBuildFile; fileRef = B2C06B181B0454B600526753 /* Images.xcassets */; };
		B2C06B1C1B0454B600526753 /* LaunchScreen.xib in Resources */ = {isa = PBXBuildFile; fileRef = B2C06B1A1B0454B600526753 /* LaunchScreen.xib */; };
		B2C06B281B0454B700526753 /* SJLocationTests.m in Sources */ = {isa = PBXBuildFile; fileRef = B2C06B271B0454B700526753 /* SJLocationTests.m */; };
		B2C06B341B0454D400526753 /* SJLocationManager.m in Sources */ = {isa = PBXBuildFile; fileRef = B2C06B331B0454D400526753 /* SJLocationManager.m */; };
/* End PBXBuildFile section */

/* Begin PBXContainerItemProxy section */
		B2C06B221B0454B700526753 /* PBXContainerItemProxy */ = {
			isa = PBXContainerItemProxy;
			containerPortal = B2C06B001B0454B600526753 /* Project object */;
			proxyType = 1;
			remoteGlobalIDString = B2C06B071B0454B600526753;
			remoteInfo = SJLocation;
		};
/* End PBXContainerItemProxy section */

/* Begin PBXFileReference section */
		B2C06B081B0454B600526753 /* SJLocation.app */ = {isa = PBXFileReference; explicitFileType = wrapper.application; includeInIndex = 0; path = SJLocation.app; sourceTree = BUILT_PRODUCTS_DIR; };
		B2C06B0C1B0454B600526753 /* Info.plist */ = {isa = PBXFileReference; lastKnownFileType = text.plist.xml; path = Info.plist; sourceTree = "<group>"; };
		B2C06B0D1B0454B600526753 /* main.m */ = {isa = PBXFileReference; lastKnownFileType = sourcecode.c.objc; path = main.m; sourceTree = "<group>"; };
		B2C06B0F1B0454B600526753 /* AppDelegate.h */ = {isa = PBXFileReference; lastKnownFileType = sourcecode.c.h; path = AppDelegate.h; sourceTree = "<group>"; };
		B2C06B101B0454B600526753 /* AppDelegate.m */ = {isa = PBXFileReference; lastKnownFileType = sourcecode.c.objc; path = AppDelegate.m; sourceTree = "<group>"; };
		B2C06B121B0454B600526753 /* ViewController.h */ = {isa = PBXFileReference; lastKnownFileType = sourcecode.c.h; path = ViewController.h; sourceTree = "<group>"; };
		B2C06B131B0454B600526753 /* ViewController.m */ = {isa = PBXFileReference; lastKnownFileType = sourcecode.c.objc; path = ViewController.m; sourceTree = "<group>"; };
		B2C06B161B0454B600526753 /* Base */ = {isa = PBXFileReference; lastKnownFileType = file.storyboard; name = Base; path = Base.lproj/Main.storyboard; sourceTree = "<group>"; };
		B2C06B181B0454B600526753 /* Images.xcassets */ = {isa = PBXFileReference; lastKnownFileType = folder.assetcatalog; path = Images.xcassets; sourceTree = "<group>"; };
		B2C06B1B1B0454B600526753 /* Base */ = {isa = PBXFileReference; lastKnownFileType = file.xib; name = Base; path = Base.lproj/LaunchScreen.xib; sourceTree = "<group>"; };
		B2C06B211B0454B700526753 /* SJLocationTests.xctest */ = {isa = PBXFileReference; explicitFileType = wrapper.cfbundle; includeInIndex = 0; path = SJLocationTests.xctest; sourceTree = BUILT_PRODUCTS_DIR; };
		B2C06B261B0454B700526753 /* Info.plist */ = {isa = PBXFileReference; lastKnownFileType = text.plist.xml; path = Info.plist; sourceTree = "<group>"; };
		B2C06B271B0454B700526753 /* SJLocationTests.m */ = {isa = PBXFileReference; lastKnownFileType = sourcecode.c.objc; path = SJLocationTests.m; sourceTree = "<group>"; };
		B2C06B321B0454D400526753 /* SJLocationManager.h */ = {isa = PBXFileReference; fileEncoding = 4; lastKnownFileType = sourcecode.c.h; path = SJLocationManager.h; sourceTree = "<group>"; };
		B2C06B331B0454D400526753 /* SJLocationManager.m */ = {isa = PBXFileReference; fileEncoding = 4; lastKnownFileType = sourcecode.c.objc; path = SJLocationManager.m; sourceTree = "<group>"; };
/* End PBXFileReference section */

/* Begin PBXFrameworksBuildPhase section */
		B2C06B051B0454B600526753 /* Frameworks */ = {
			isa = PBXFrameworksBuildPhase;
			buildActionMask = 2147483647;
			files = (
			);
			runOnlyForDeploymentPostprocessing = 0;
		};
		B2C06B1E1B0454B700526753 /* Frameworks */ = {
			isa = PBXFrameworksBuildPhase;
			buildActionMask = 2147483647;
			files = (
			);
			runOnlyForDeploymentPostprocessing = 0;
		};
/* End PBXFrameworksBuildPhase section */

/* Begin PBXGroup section */
		B2C06AFF1B0454B600526753 = {
			isa = PBXGroup;
			children = (
				B2C06B0A1B0454B600526753 /* SJLocation */,
				B2C06B241B0454B700526753 /* SJLocationTests */,
				B2C06B091B0454B600526753 /* Products */,
			);
			sourceTree = "<group>";
		};
		B2C06B091B0454B600526753 /* Products */ = {
			isa = PBXGroup;
			children = (
				B2C06B081B0454B600526753 /* SJLocation.app */,
				B2C06B211B0454B700526753 /* SJLocationTests.xctest */,
			);
			name = Products;
			sourceTree = "<group>";
		};
		B2C06B0A1B0454B600526753 /* SJLocation */ = {
			isa = PBXGroup;
			children = (
				B2C06B311B0454D400526753 /* SJLocationManager */,
				B2C06B0F1B0454B600526753 /* AppDelegate.h */,
				B2C06B101B0454B600526753 /* AppDelegate.m */,
				B2C06B121B0454B600526753 /* ViewController.h */,
				B2C06B131B0454B600526753 /* ViewController.m */,
				B2C06B151B0454B600526753 /* Main.storyboard */,
				B2C06B181B0454B600526753 /* Images.xcassets */,
				B2C06B1A1B0454B600526753 /* LaunchScreen.xib */,
				B2C06B0B1B0454B600526753 /* Supporting Files */,
			);
			path = SJLocation;
			sourceTree = "<group>";
		};
		B2C06B0B1B0454B600526753 /* Supporting Files */ = {
			isa = PBXGroup;
			children = (
				B2C06B0C1B0454B600526753 /* Info.plist */,
				B2C06B0D1B0454B600526753 /* main.m */,
			);
			name = "Supporting Files";
			sourceTree = "<group>";
		};
		B2C06B241B0454B700526753 /* SJLocationTests */ = {
			isa = PBXGroup;
			children = (
				B2C06B271B0454B700526753 /* SJLocationTests.m */,
				B2C06B251B0454B700526753 /* Supporting Files */,
			);
			path = SJLocationTests;
			sourceTree = "<group>";
		};
		B2C06B251B0454B700526753 /* Supporting Files */ = {
			isa = PBXGroup;
			children = (
				B2C06B261B0454B700526753 /* Info.plist */,
			);
			name = "Supporting Files";
			sourceTree = "<group>";
		};
		B2C06B311B0454D400526753 /* SJLocationManager */ = {
			isa = PBXGroup;
			children = (
				B2C06B321B0454D400526753 /* SJLocationManager.h */,
				B2C06B331B0454D400526753 /* SJLocationManager.m */,
			);
			path = SJLocationManager;
			sourceTree = "<group>";
		};
/* End PBXGroup section */

/* Begin PBXNativeTarget section */
		B2C06B071B0454B600526753 /* SJLocation */ = {
			isa = PBXNativeTarget;
			buildConfigurationList = B2C06B2B1B0454B700526753 /* Build configuration list for PBXNativeTarget "SJLocation" */;
			buildPhases = (
				B2C06B041B0454B600526753 /* Sources */,
				B2C06B051B0454B600526753 /* Frameworks */,
				B2C06B061B0454B600526753 /* Resources */,
			);
			buildRules = (
			);
			dependencies = (
			);
			name = SJLocation;
			productName = SJLocation;
			productReference = B2C06B081B0454B600526753 /* SJLocation.app */;
			productType = "com.apple.product-type.application";
		};
		B2C06B201B0454B700526753 /* SJLocationTests */ = {
			isa = PBXNativeTarget;
			buildConfigurationList = B2C06B2E1B0454B700526753 /* Build configuration list for PBXNativeTarget "SJLocationTests" */;
			buildPhases = (
				B2C06B1D1B0454B700526753 /* Sources */,
				B2C06B1E1B0454B700526753 /* Frameworks */,
				B2C06B1F1B0454B700526753 /* Resources */,
			);
			buildRules = (
			);
			dependencies = (
				B2C06B231B0454B700526753 /* PBXTargetDependency */,
			);
			name = SJLocationTests;
			productName = SJLocationTests;
			productReference = B2C06B211B0454B700526753 /* SJLocationTests.xctest */;
			productType = "com.apple.product-type.bundle.unit-test";
		};
/* End PBXNativeTarget section */

/* Begin PBXProject section */
		B2C06B001B0454B600526753 /* Project object */ = {
			isa = PBXProject;
			attributes = {
				LastUpgradeCheck = 0610;
				ORGANIZATIONNAME = Soldier;
				TargetAttributes = {
					B2C06B071B0454B600526753 = {
						CreatedOnToolsVersion = 6.1.1;
					};
					B2C06B201B0454B700526753 = {
						CreatedOnToolsVersion = 6.1.1;
						TestTargetID = B2C06B071B0454B600526753;
					};
				};
			};
			buildConfigurationList = B2C06B031B0454B600526753 /* Build configuration list for PBXProject "SJLocation" */;
			compatibilityVersion = "Xcode 3.2";
			developmentRegion = English;
			hasScannedForEncodings = 0;
			knownRegions = (
				en,
				Base,
			);
			mainGroup = B2C06AFF1B0454B600526753;
			productRefGroup = B2C06B091B0454B600526753 /* Products */;
			projectDirPath = "";
			projectRoot = "";
			targets = (
				B2C06B071B0454B600526753 /* SJLocation */,
				B2C06B201B0454B700526753 /* SJLocationTests */,
			);
		};
/* End PBXProject section */

/* Begin PBXResourcesBuildPhase section */
		B2C06B061B0454B600526753 /* Resources */ = {
			isa = PBXResourcesBuildPhase;
			buildActionMask = 2147483647;
			files = (
				B2C06B171B0454B600526753 /* Main.storyboard in Resources */,
				B2C06B1C1B0454B600526753 /* LaunchScreen.xib in Resources */,
				B2C06B191B0454B600526753 /* Images.xcassets in Resources */,
			);
			runOnlyForDeploymentPostprocessing = 0;
		};
		B2C06B1F1B0454B700526753 /* Resources */ = {
			isa = PBXResourcesBuildPhase;
			buildActionMask = 2147483647;
			files = (
			);
			runOnlyForDeploymentPostprocessing = 0;
		};
/* End PBXResourcesBuildPhase section */

/* Begin PBXSourcesBuildPhase section */
		B2C06B041B0454B600526753 /* Sources */ = {
			isa = PBXSourcesBuildPhase;
			buildActionMask = 2147483647;
			files = (
				B2C06B141B0454B600526753 /* ViewController.m in Sources */,
				B2C06B111B0454B600526753 /* AppDelegate.m in Sources */,
				B2C06B0E1B0454B600526753 /* main.m in Sources */,
				B2C06B341B0454D400526753 /* SJLocationManager.m in Sources */,
			);
			runOnlyForDeploymentPostprocessing = 0;
		};
		B2C06B1D1B0454B700526753 /* Sources */ = {
			isa = PBXSourcesBuildPhase;
			buildActionMask = 2147483647;
			files = (
				B2C06B281B0454B700526753 /* SJLocationTests.m in Sources */,
			);
			runOnlyForDeploymentPostprocessing = 0;
		};
/* End PBXSourcesBuildPhase section */

/* Begin PBXTargetDependency section */
		B2C06B231B0454B700526753 /* PBXTargetDependency */ = {
			isa = PBXTargetDependency;
			target = B2C06B071B0454B600526753 /* SJLocation */;
			targetProxy = B2C06B221B0454B700526753 /* PBXContainerItemProxy */;
		};
/* End PBXTargetDependency section */

/* Begin PBXVariantGroup section */
		B2C06B151B0454B600526753 /* Main.storyboard */ = {
			isa = PBXVariantGroup;
			children = (
				B2C06B161B0454B600526753 /* Base */,
			);
			name = Main.storyboard;
			sourceTree = "<group>";
		};
		B2C06B1A1B0454B600526753 /* LaunchScreen.xib */ = {
			isa = PBXVariantGroup;
			children = (
				B2C06B1B1B0454B600526753 /* Base */,
			);
			name = LaunchScreen.xib;
			sourceTree = "<group>";
		};
/* End PBXVariantGroup section */

/* Begin XCBuildConfiguration section */
		B2C06B291B0454B700526753 /* Debug */ = {
			isa = XCBuildConfiguration;
			buildSettings = {
				ALWAYS_SEARCH_USER_PATHS = NO;
				CLANG_CXX_LANGUAGE_STANDARD = "gnu++0x";
				CLANG_CXX_LIBRARY = "libc++";
				CLANG_ENABLE_MODULES = YES;
				CLANG_ENABLE_OBJC_ARC = YES;
				CLANG_WARN_BOOL_CONVERSION = YES;
				CLANG_WARN_CONSTANT_CONVERSION = YES;
				CLANG_WARN_DIRECT_OBJC_ISA_USAGE = YES_ERROR;
				CLANG_WARN_EMPTY_BODY = YES;
				CLANG_WARN_ENUM_CONVERSION = YES;
				CLANG_WARN_INT_CONVERSION = YES;
				CLANG_WARN_OBJC_ROOT_CLASS = YES_ERROR;
				CLANG_WARN_UNREACHABLE_CODE = YES;
				CLANG_WARN__DUPLICATE_METHOD_MATCH = YES;
				"CODE_SIGN_IDENTITY[sdk=iphoneos*]" = "iPhone Developer";
				COPY_PHASE_STRIP = NO;
				ENABLE_STRICT_OBJC_MSGSEND = YES;
				GCC_C_LANGUAGE_STANDARD = gnu99;
				GCC_DYNAMIC_NO_PIC = NO;
				GCC_OPTIMIZATION_LEVEL = 0;
				GCC_PREPROCESSOR_DEFINITIONS = (
					"DEBUG=1",
					"$(inherited)",
				);
				GCC_SYMBOLS_PRIVATE_EXTERN = NO;
				GCC_WARN_64_TO_32_BIT_CONVERSION = YES;
				GCC_WARN_ABOUT_RETURN_TYPE = YES_ERROR;
				GCC_WARN_UNDECLARED_SELECTOR = YES;
				GCC_WARN_UNINITIALIZED_AUTOS = YES_AGGRESSIVE;
				GCC_WARN_UNUSED_FUNCTION = YES;
				GCC_WARN_UNUSED_VARIABLE = YES;
				IPHONEOS_DEPLOYMENT_TARGET = 8.1;
				MTL_ENABLE_DEBUG_INFO = YES;
				ONLY_ACTIVE_ARCH = YES;
				SDKROOT = iphoneos;
				TARGETED_DEVICE_FAMILY = "1,2";
			};
			name = Debug;
		};
		B2C06B2A1B0454B700526753 /* Release */ = {
			isa = XCBuildConfiguration;
			buildSettings = {
				ALWAYS_SEARCH_USER_PATHS = NO;
				CLANG_CXX_LANGUAGE_STANDARD = "gnu++0x";
				CLANG_CXX_LIBRARY = "libc++";
				CLANG_ENABLE_MODULES = YES;
				CLANG_ENABLE_OBJC_ARC = YES;
				CLANG_WARN_BOOL_CONVERSION = YES;
				CLANG_WARN_CONSTANT_CONVERSION = YES;
				CLANG_WARN_DIRECT_OBJC_ISA_USAGE = YES_ERROR;
				CLANG_WARN_EMPTY_BODY = YES;
				CLANG_WARN_ENUM_CONVERSION = YES;
				CLANG_WARN_INT_CONVERSION = YES;
				CLANG_WARN_OBJC_ROOT_CLASS = YES_ERROR;
				CLANG_WARN_UNREACHABLE_CODE = YES;
				CLANG_WARN__DUPLICATE_METHOD_MATCH = YES;
				"CODE_SIGN_IDENTITY[sdk=iphoneos*]" = "iPhone Developer";
				COPY_PHASE_STRIP = YES;
				ENABLE_NS_ASSERTIONS = NO;
				ENABLE_STRICT_OBJC_MSGSEND = YES;
				GCC_C_LANGUAGE_STANDARD = gnu99;
				GCC_WARN_64_TO_32_BIT_CONVERSION = YES;
				GCC_WARN_ABOUT_RETURN_TYPE = YES_ERROR;
				GCC_WARN_UNDECLARED_SELECTOR = YES;
				GCC_WARN_UNINITIALIZED_AUTOS = YES_AGGRESSIVE;
				GCC_WARN_UNUSED_FUNCTION = YES;
				GCC_WARN_UNUSED_VARIABLE = YES;
				IPHONEOS_DEPLOYMENT_TARGET = 8.1;
				MTL_ENABLE_DEBUG_INFO = NO;
				SDKROOT = iphoneos;
				TARGETED_DEVICE_FAMILY = "1,2";
				VALIDATE_PRODUCT = YES;
			};
			name = Release;
		};
		B2C06B2C1B0454B700526753 /* Debug */ = {
			isa = XCBuildConfiguration;
			buildSettings = {
				ASSETCATALOG_COMPILER_APPICON_NAME = AppIcon;
				INFOPLIST_FILE = SJLocation/Info.plist;
				IPHONEOS_DEPLOYMENT_TARGET = 7.0;
				LD_RUNPATH_SEARCH_PATHS = "$(inherited) @executable_path/Frameworks";
				PRODUCT_NAME = "$(TARGET_NAME)";
			};
			name = Debug;
		};
		B2C06B2D1B0454B700526753 /* Release */ = {
			isa = XCBuildConfiguration;
			buildSettings = {
				ASSETCATALOG_COMPILER_APPICON_NAME = AppIcon;
				INFOPLIST_FILE = SJLocation/Info.plist;
				IPHONEOS_DEPLOYMENT_TARGET = 7.0;
				LD_RUNPATH_SEARCH_PATHS = "$(inherited) @executable_path/Frameworks";
				PRODUCT_NAME = "$(TARGET_NAME)";
			};
			name = Release;
		};
		B2C06B2F1B0454B700526753 /* Debug */ = {
			isa = XCBuildConfiguration;
			buildSettings = {
				BUNDLE_LOADER = "$(TEST_HOST)";
				FRAMEWORK_SEARCH_PATHS = (
					"$(SDKROOT)/Developer/Library/Frameworks",
					"$(inherited)",
				);
				GCC_PREPROCESSOR_DEFINITIONS = (
					"DEBUG=1",
					"$(inherited)",
				);
				INFOPLIST_FILE = SJLocationTests/Info.plist;
				LD_RUNPATH_SEARCH_PATHS = "$(inherited) @executable_path/Frameworks @loader_path/Frameworks";
				PRODUCT_NAME = "$(TARGET_NAME)";
				TEST_HOST = "$(BUILT_PRODUCTS_DIR)/SJLocation.app/SJLocation";
			};
			name = Debug;
		};
		B2C06B301B0454B700526753 /* Release */ = {
			isa = XCBuildConfiguration;
			buildSettings = {
				BUNDLE_LOADER = "$(TEST_HOST)";
				FRAMEWORK_SEARCH_PATHS = (
					"$(SDKROOT)/Developer/Library/Frameworks",
					"$(inherited)",
				);
				INFOPLIST_FILE = SJLocationTests/Info.plist;
				LD_RUNPATH_SEARCH_PATHS = "$(inherited) @executable_path/Frameworks @loader_path/Frameworks";
				PRODUCT_NAME = "$(TARGET_NAME)";
				TEST_HOST = "$(BUILT_PRODUCTS_DIR)/SJLocation.app/SJLocation";
			};
			name = Release;
		};
/* End XCBuildConfiguration section */

/* Begin XCConfigurationList section */
		B2C06B031B0454B600526753 /* Build configuration list for PBXProject "SJLocation" */ = {
			isa = XCConfigurationList;
			buildConfigurations = (
				B2C06B291B0454B700526753 /* Debug */,
				B2C06B2A1B0454B700526753 /* Release */,
			);
			defaultConfigurationIsVisible = 0;
			defaultConfigurationName = Release;
		};
		B2C06B2B1B0454B700526753 /* Build configuration list for PBXNativeTarget "SJLocation" */ = {
			isa = XCConfigurationList;
			buildConfigurations = (
				B2C06B2C1B0454B700526753 /* Debug */,
				B2C06B2D1B0454B700526753 /* Release */,
			);
			defaultConfigurationIsVisible = 0;
		};
		B2C06B2E1B0454B700526753 /* Build configuration list for PBXNativeTarget "SJLocationTests" */ = {
			isa = XCConfigurationList;
			buildConfigurations = (
				B2C06B2F1B0454B700526753 /* Debug */,
				B2C06B301B0454B700526753 /* Release */,
			);
			defaultConfigurationIsVisible = 0;
		};
/* End XCConfigurationList section */
	};
	rootObject = B2C06B001B0454B600526753 /* Project object */;
}
